
Microsoft Visual Studio Solution File, Format Version 12.00
# Visual Studio Version 17
VisualStudioVersion = 17.2.32616.157
MinimumVisualStudioVersion = 10.0.40219.1
Project("{9A19103F-16F7-4668-BE54-9A1E7A4F7556}") = "Butter.Web_Front", "Butter.Web\Butter.Web_Front.csproj", "{9F6A4737-C4A1-4F97-8FD2-F8F3CD7A1D9E}"
EndProject
Project("{FAE04EC0-301F-11D3-BF4B-00C04F79EFBC}") = "Tools_RequestHTTP", "Tools_RequestHTTP\Tools_RequestHTTP.csproj", "{7104B293-8E51-45F5-B0CC-D91A2EEDCE56}"
EndProject
Project("{FAE04EC0-301F-11D3-BF4B-00C04F79EFBC}") = "Butter_Web_DAL", "Butter_Web_DAL\Butter_Web_DAL.csproj", "{93C59AD9-A1B0-4CC2-831B-6D9E22241FC6}"
EndProject
Global
	GlobalSection(SolutionConfigurationPlatforms) = preSolution
		Debug|Any CPU = Debug|Any CPU
		Release|Any CPU = Release|Any CPU
	EndGlobalSection
	GlobalSection(ProjectConfigurationPlatforms) = postSolution
		{9F6A4737-C4A1-4F97-8FD2-F8F3CD7A1D9E}.Debug|Any CPU.ActiveCfg = Debug|Any CPU
		{9F6A4737-C4A1-4F97-8FD2-F8F3CD7A1D9E}.Debug|Any CPU.Build.0 = Debug|Any CPU
		{9F6A4737-C4A1-4F97-8FD2-F8F3CD7A1D9E}.Release|Any CPU.ActiveCfg = Release|Any CPU
		{9F6A4737-C4A1-4F97-8FD2-F8F3CD7A1D9E}.Release|Any CPU.Build.0 = Release|Any CPU
		{7104B293-8E51-45F5-B0CC-D91A2EEDCE56}.Debug|Any CPU.ActiveCfg = Debug|Any CPU
		{7104B293-8E51-45F5-B0CC-D91A2EEDCE56}.Debug|Any CPU.Build.0 = Debug|Any CPU
		{7104B293-8E51-45F5-B0CC-D91A2EEDCE56}.Release|Any CPU.ActiveCfg = Release|Any CPU
		{7104B293-8E51-45F5-B0CC-D91A2EEDCE56}.Release|Any CPU.Build.0 = Release|Any CPU
		{93C59AD9-A1B0-4CC2-831B-6D9E22241FC6}.Debug|Any CPU.ActiveCfg = Debug|Any CPU
		{93C59AD9-A1B0-4CC2-831B-6D9E22241FC6}.Debug|Any CPU.Build.0 = Debug|Any CPU
		{93C59AD9-A1B0-4CC2-831B-6D9E22241FC6}.Release|Any CPU.ActiveCfg = Release|Any CPU
		{93C59AD9-A1B0-4CC2-831B-6D9E22241FC6}.Release|Any CPU.Build.0 = Release|Any CPU
	EndGlobalSection
	GlobalSection(SolutionProperties) = preSolution
		HideSolutionNode = FALSE
	EndGlobalSection
	GlobalSection(ExtensibilityGlobals) = postSolution
		SolutionGuid = {D66AD401-7CFE-46BB-A477-3EE9EADA63D8}
	EndGlobalSection
EndGlobal
